{
  "name": "api-gateway",
  "version": "0.1.0",
  "lockfileVersion": 1,
  "requires": true,
  "dependencies": {
    "@aws-cdk/assets": {
      "version": "1.18.0",
      "resolved": "https://registry.npmjs.org/@aws-cdk/assets/-/assets-1.18.0.tgz",
      "integrity": "sha512-mkb4lR3JzWoQyKdHbkri5v6NuKEQNJ9gbbyoad61nTCfdRbpKfJ8agEzhT/9F7FdsPdCZuDFGAxxRYOBw5B1Jw==",
      "requires": {
        "@aws-cdk/core": "1.18.0",
        "@aws-cdk/cx-api": "1.18.0",
        "minimatch": "^3.0.4"
      },
      "dependencies": {
        "balanced-match": {
          "version": "1.0.0",
          "bundled": true
        },
        "brace-expansion": {
          "version": "1.1.11",
          "bundled": true,
          "requires": {
            "balanced-match": "^1.0.0",
            "concat-map": "0.0.1"
          }
        },
        "concat-map": {
          "version": "0.0.1",
          "bundled": true
        },
        "minimatch": {
          "version": "3.0.4",
          "bundled": true,
          "requires": {
            "brace-expansion": "^1.1.7"
          }
        }
      }
    },
    "@aws-cdk/aws-cloudwatch": {
      "version": "1.18.0",
      "resolved": "https://registry.npmjs.org/@aws-cdk/aws-cloudwatch/-/aws-cloudwatch-1.18.0.tgz",
      "integrity": "sha512-/Lgp/Q/2CSNWnf3DpcNkg+OfZ3BOkRp8gBJUMMgY0mYSRcXyDj9jy2CC1RrYj1G9R2tcyGxlplLoEndtqIiBcA==",
      "requires": {
        "@aws-cdk/aws-iam": "1.18.0",
        "@aws-cdk/core": "1.18.0"
      }
    },
    "@aws-cdk/aws-cognito": {
      "version": "1.18.0",
      "resolved": "https://registry.npmjs.org/@aws-cdk/aws-cognito/-/aws-cognito-1.18.0.tgz",
      "integrity": "sha512-BxzmXx6+8K8BhkJCVEe8KySA99tI6QyeLqFDXAj5W+pFfdnbHJHAVly8VaPwP/rli+yF+nuETdM/GrIkOQR7pw==",
      "requires": {
        "@aws-cdk/aws-iam": "1.18.0",
        "@aws-cdk/aws-lambda": "1.18.0",
        "@aws-cdk/core": "1.18.0"
      }
    },
    "@aws-cdk/aws-ec2": {
      "version": "1.18.0",
      "resolved": "https://registry.npmjs.org/@aws-cdk/aws-ec2/-/aws-ec2-1.18.0.tgz",
      "integrity": "sha512-xWPlRBo9lj7u7/ib+AE+RTynH+4NVha2/l4WjTLM/msSO+vSXxGg5b8KAw194zuqRH1HCw6r+g4MIbD9gmb1gg==",
      "requires": {
        "@aws-cdk/aws-cloudwatch": "1.18.0",
        "@aws-cdk/aws-iam": "1.18.0",
        "@aws-cdk/aws-ssm": "1.18.0",
        "@aws-cdk/core": "1.18.0",
        "@aws-cdk/cx-api": "1.18.0"
      }
    },
    "@aws-cdk/aws-events": {
      "version": "1.18.0",
      "resolved": "https://registry.npmjs.org/@aws-cdk/aws-events/-/aws-events-1.18.0.tgz",
      "integrity": "sha512-SPuOM3SoJH7TAwMvbWz+paEOSPtGqXnbdt0bKfY/ZPEHvmW2hmGdUS7kIPZauMc/TzOyi/YIxWX8a4FY1htCdQ==",
      "requires": {
        "@aws-cdk/aws-iam": "1.18.0",
        "@aws-cdk/core": "1.18.0"
      }
    },
    "@aws-cdk/aws-iam": {
      "version": "1.18.0",
      "resolved": "https://registry.npmjs.org/@aws-cdk/aws-iam/-/aws-iam-1.18.0.tgz",
      "integrity": "sha512-rl+1Oo1S5jZhAAxD1bR9ddBxIajyZ3LDpmGxiU1Y/4ZiwRlv/CKODOfhbNZUC4qHCeDFHUVUOjIYo2PRHRNmCA==",
      "requires": {
        "@aws-cdk/core": "1.18.0",
        "@aws-cdk/region-info": "1.18.0"
      }
    },
    "@aws-cdk/aws-kms": {
      "version": "1.18.0",
      "resolved": "https://registry.npmjs.org/@aws-cdk/aws-kms/-/aws-kms-1.18.0.tgz",
      "integrity": "sha512-EMt3RgmUWOMPgifwL6fIV1AotHDTEszEFcM/600etPa3QEOT74szXJGPNu55mhM2wzu5Gb/j3SNl209ys2+Zww==",
      "requires": {
        "@aws-cdk/aws-iam": "1.18.0",
        "@aws-cdk/core": "1.18.0"
      }
    },
    "@aws-cdk/aws-lambda": {
      "version": "1.18.0",
      "resolved": "https://registry.npmjs.org/@aws-cdk/aws-lambda/-/aws-lambda-1.18.0.tgz",
      "integrity": "sha512-jL3mZuHkDFDa7Yq1a4kCcODWBUoG/xhbtt1aKWqZ+w+jA2p/5SU8Yx9iJv7WWCz3bKUB7A4m0vJe/hABmr16KQ==",
      "requires": {
        "@aws-cdk/aws-cloudwatch": "1.18.0",
        "@aws-cdk/aws-ec2": "1.18.0",
        "@aws-cdk/aws-events": "1.18.0",
        "@aws-cdk/aws-iam": "1.18.0",
        "@aws-cdk/aws-logs": "1.18.0",
        "@aws-cdk/aws-s3": "1.18.0",
        "@aws-cdk/aws-s3-assets": "1.18.0",
        "@aws-cdk/aws-sqs": "1.18.0",
        "@aws-cdk/core": "1.18.0",
        "@aws-cdk/cx-api": "1.18.0"
      }
    },
    "@aws-cdk/aws-logs": {
      "version": "1.18.0",
      "resolved": "https://registry.npmjs.org/@aws-cdk/aws-logs/-/aws-logs-1.18.0.tgz",
      "integrity": "sha512-QKyIwv1MRBx7RLRn2XR/HUoYw6OPzaqe5zVNjLy5A+rAekCz3TE/yuRsjUXN+75I8Rbgw5wRTZ/1YRLf82wjhA==",
      "requires": {
        "@aws-cdk/aws-cloudwatch": "1.18.0",
        "@aws-cdk/aws-iam": "1.18.0",
        "@aws-cdk/core": "1.18.0"
      }
    },
    "@aws-cdk/aws-s3": {
      "version": "1.18.0",
      "resolved": "https://registry.npmjs.org/@aws-cdk/aws-s3/-/aws-s3-1.18.0.tgz",
      "integrity": "sha512-i50+7AEC8bMrxhB/0/eCg+JgiQTsvTEkZK1PPP1dncYQPi73uq9vk5RRVicdOtX6jvFz2aKUxWiVc3PdVuXRyQ==",
      "requires": {
        "@aws-cdk/aws-events": "1.18.0",
        "@aws-cdk/aws-iam": "1.18.0",
        "@aws-cdk/aws-kms": "1.18.0",
        "@aws-cdk/core": "1.18.0"
      }
    },
    "@aws-cdk/aws-s3-assets": {
      "version": "1.18.0",
      "resolved": "https://registry.npmjs.org/@aws-cdk/aws-s3-assets/-/aws-s3-assets-1.18.0.tgz",
      "integrity": "sha512-roDtShya5Vyda8eBktH+pIMftN2EuHa3k7/vxKqIpBAZJ+ne5c77XZxWWxqQzaukmlSZJYN0JBrDT1Bg+cJrwQ==",
      "requires": {
        "@aws-cdk/assets": "1.18.0",
        "@aws-cdk/aws-iam": "1.18.0",
        "@aws-cdk/aws-s3": "1.18.0",
        "@aws-cdk/core": "1.18.0",
        "@aws-cdk/cx-api": "1.18.0"
      }
    },
    "@aws-cdk/aws-sqs": {
      "version": "1.18.0",
      "resolved": "https://registry.npmjs.org/@aws-cdk/aws-sqs/-/aws-sqs-1.18.0.tgz",
      "integrity": "sha512-oXmP43Jn2EdUv/n/VAYRvAU4LDbmXS3IJbzxoCvA9VG8q6ZE9rmooTAIhjY/gYGHTL9FNfySPw7YnRa9FApFhg==",
      "requires": {
        "@aws-cdk/aws-cloudwatch": "1.18.0",
        "@aws-cdk/aws-iam": "1.18.0",
        "@aws-cdk/aws-kms": "1.18.0",
        "@aws-cdk/core": "1.18.0"
      }
    },
    "@aws-cdk/aws-ssm": {
      "version": "1.18.0",
      "resolved": "https://registry.npmjs.org/@aws-cdk/aws-ssm/-/aws-ssm-1.18.0.tgz",
      "integrity": "sha512-8wnELHCneIez6au0PMPYqrxPXLvIstVEDiNdykTHCZ+lHIVKn/xLIXYMFuiC1CDPnVZr46eegCOHzO3l7cscWw==",
      "requires": {
        "@aws-cdk/aws-iam": "1.18.0",
        "@aws-cdk/aws-kms": "1.18.0",
        "@aws-cdk/core": "1.18.0",
        "@aws-cdk/cx-api": "1.18.0"
      }
    },
    "@aws-cdk/core": {
      "version": "1.18.0",
      "resolved": "https://registry.npmjs.org/@aws-cdk/core/-/core-1.18.0.tgz",
      "integrity": "sha512-9/VCu0X/McR/VPpEnFLKQ08Nc6xsjwJEA5LA3yIh6RSnFpIcQhu4IhDcoRG6OXjiOIDXk1rFf1Tu8pHevame6g==",
      "requires": {
        "@aws-cdk/cx-api": "1.18.0"
      }
    },
    "@aws-cdk/cx-api": {
      "version": "1.18.0",
      "resolved": "https://registry.npmjs.org/@aws-cdk/cx-api/-/cx-api-1.18.0.tgz",
      "integrity": "sha512-2v7eeErBOtjhGjvxSutWP1pddb1lXOf91uGXym2DGq+t3YobM3rDWZW3bkBRtVCx8ZJ/6V+3qCJ10dMzto2xNQ==",
      "requires": {
        "semver": "^6.3.0"
      },
      "dependencies": {
        "semver": {
          "version": "6.3.0",
          "bundled": true
        }
      }
    },
    "@aws-cdk/region-info": {
      "version": "1.18.0",
      "resolved": "https://registry.npmjs.org/@aws-cdk/region-info/-/region-info-1.18.0.tgz",
      "integrity": "sha512-6nWNf/IXgByFWf0iaV71Q6ocSaYzuAqvyqFIPfzXSAsSeKtoljC1ih9tzhZbbLrf8fHrM4DW3DPYxYUJrRf/DA=="
    },
    "@types/node": {
      "version": "12.12.14",
      "resolved": "https://registry.npmjs.org/@types/node/-/node-12.12.14.tgz",
      "integrity": "sha512-u/SJDyXwuihpwjXy7hOOghagLEV1KdAST6syfnOk6QZAMzZuWZqXy5aYYZbh8Jdpd4escVFP0MvftHNDb9pruA==",
      "dev": true
    }
  }
}
